// !$*UTF8*$!
{
	archiveVersion = 1;
	classes = {
	};
	objectVersion = 50;
	objects = {

/* Begin PBXBuildFile section */
		0D7BAEC699E48DE6EF30BA14 /* Pods_Flix.framework in Frameworks */ = {isa = PBXBuildFile; fileRef = 7E9D4ABC8BF65BDCCF4DFB20 /* Pods_Flix.framework */; };
		60511F2725D4C5EA00D8894A /* AppDelegate.swift in Sources */ = {isa = PBXBuildFile; fileRef = 60511F2625D4C5EA00D8894A /* AppDelegate.swift */; };
		60511F2925D4C5EA00D8894A /* SceneDelegate.swift in Sources */ = {isa = PBXBuildFile; fileRef = 60511F2825D4C5EA00D8894A /* SceneDelegate.swift */; };
		60511F2E25D4C5EA00D8894A /* Main.storyboard in Resources */ = {isa = PBXBuildFile; fileRef = 60511F2C25D4C5EA00D8894A /* Main.storyboard */; };
		60511F3025D4C5ED00D8894A /* Assets.xcassets in Resources */ = {isa = PBXBuildFile; fileRef = 60511F2F25D4C5ED00D8894A /* Assets.xcassets */; };
		60511F3325D4C5ED00D8894A /* LaunchScreen.storyboard in Resources */ = {isa = PBXBuildFile; fileRef = 60511F3125D4C5ED00D8894A /* LaunchScreen.storyboard */; };
		60511F3E25D4C5ED00D8894A /* FlixTests.swift in Sources */ = {isa = PBXBuildFile; fileRef = 60511F3D25D4C5ED00D8894A /* FlixTests.swift */; };
		60511F4925D4C5ED00D8894A /* FlixUITests.swift in Sources */ = {isa = PBXBuildFile; fileRef = 60511F4825D4C5ED00D8894A /* FlixUITests.swift */; };
		60511F5D25D4C6DB00D8894A /* MoviesViewController.swift in Sources */ = {isa = PBXBuildFile; fileRef = 60511F5C25D4C6DB00D8894A /* MoviesViewController.swift */; };
		60511F6225D4CAAD00D8894A /* MovieCell.swift in Sources */ = {isa = PBXBuildFile; fileRef = 60511F6125D4CAAD00D8894A /* MovieCell.swift */; };
		94BB00F65435415F9E69D2B9 /* Pods_Flix_FlixUITests.framework in Frameworks */ = {isa = PBXBuildFile; fileRef = 063F9D5235CC0A10232C18A4 /* Pods_Flix_FlixUITests.framework */; };
		BB785B85D7BB0D17888A4F27 /* Pods_FlixTests.framework in Frameworks */ = {isa = PBXBuildFile; fileRef = 2FF2F033F84C5E0AE85CFD8E /* Pods_FlixTests.framework */; };
/* End PBXBuildFile section */

/* Begin PBXContainerItemProxy section */
		60511F3A25D4C5ED00D8894A /* PBXContainerItemProxy */ = {
			isa = PBXContainerItemProxy;
			containerPortal = 60511F1B25D4C5EA00D8894A /* Project object */;
			proxyType = 1;
			remoteGlobalIDString = 60511F2225D4C5EA00D8894A;
			remoteInfo = Flix;
		};
		60511F4525D4C5ED00D8894A /* PBXContainerItemProxy */ = {
			isa = PBXContainerItemProxy;
			containerPortal = 60511F1B25D4C5EA00D8894A /* Project object */;
			proxyType = 1;
			remoteGlobalIDString = 60511F2225D4C5EA00D8894A;
			remoteInfo = Flix;
		};
/* End PBXContainerItemProxy section */

/* Begin PBXFileReference section */
		063F9D5235CC0A10232C18A4 /* Pods_Flix_FlixUITests.framework */ = {isa = PBXFileReference; explicitFileType = wrapper.framework; includeInIndex = 0; path = Pods_Flix_FlixUITests.framework; sourceTree = BUILT_PRODUCTS_DIR; };
		2004A1779E878E429A971638 /* Pods-Flix.debug.xcconfig */ = {isa = PBXFileReference; includeInIndex = 1; lastKnownFileType = text.xcconfig; name = "Pods-Flix.debug.xcconfig"; path = "Target Support Files/Pods-Flix/Pods-Flix.debug.xcconfig"; sourceTree = "<group>"; };
		2FF2F033F84C5E0AE85CFD8E /* Pods_FlixTests.framework */ = {isa = PBXFileReference; explicitFileType = wrapper.framework; includeInIndex = 0; path = Pods_FlixTests.framework; sourceTree = BUILT_PRODUCTS_DIR; };
		60511F2325D4C5EA00D8894A /* Flix.app */ = {isa = PBXFileReference; explicitFileType = wrapper.application; includeInIndex = 0; path = Flix.app; sourceTree = BUILT_PRODUCTS_DIR; };
		60511F2625D4C5EA00D8894A /* AppDelegate.swift */ = {isa = PBXFileReference; lastKnownFileType = sourcecode.swift; path = AppDelegate.swift; sourceTree = "<group>"; };
		60511F2825D4C5EA00D8894A /* SceneDelegate.swift */ = {isa = PBXFileReference; lastKnownFileType = sourcecode.swift; path = SceneDelegate.swift; sourceTree = "<group>"; };
		60511F2D25D4C5EA00D8894A /* Base */ = {isa = PBXFileReference; lastKnownFileType = file.storyboard; name = Base; path = Base.lproj/Main.storyboard; sourceTree = "<group>"; };
		60511F2F25D4C5ED00D8894A /* Assets.xcassets */ = {isa = PBXFileReference; lastKnownFileType = folder.assetcatalog; path = Assets.xcassets; sourceTree = "<group>"; };
		60511F3225D4C5ED00D8894A /* Base */ = {isa = PBXFileReference; lastKnownFileType = file.storyboard; name = Base; path = Base.lproj/LaunchScreen.storyboard; sourceTree = "<group>"; };
		60511F3425D4C5ED00D8894A /* Info.plist */ = {isa = PBXFileReference; lastKnownFileType = text.plist.xml; path = Info.plist; sourceTree = "<group>"; };
		60511F3925D4C5ED00D8894A /* FlixTests.xctest */ = {isa = PBXFileReference; explicitFileType = wrapper.cfbundle; includeInIndex = 0; path = FlixTests.xctest; sourceTree = BUILT_PRODUCTS_DIR; };
		60511F3D25D4C5ED00D8894A /* FlixTests.swift */ = {isa = PBXFileReference; lastKnownFileType = sourcecode.swift; path = FlixTests.swift; sourceTree = "<group>"; };
		60511F3F25D4C5ED00D8894A /* Info.plist */ = {isa = PBXFileReference; lastKnownFileType = text.plist.xml; path = Info.plist; sourceTree = "<group>"; };
		60511F4425D4C5ED00D8894A /* FlixUITests.xctest */ = {isa = PBXFileReference; explicitFileType = wrapper.cfbundle; includeInIndex = 0; path = FlixUITests.xctest; sourceTree = BUILT_PRODUCTS_DIR; };
		60511F4825D4C5ED00D8894A /* FlixUITests.swift */ = {isa = PBXFileReference; lastKnownFileType = sourcecode.swift; path = FlixUITests.swift; sourceTree = "<group>"; };
		60511F4A25D4C5ED00D8894A /* Info.plist */ = {isa = PBXFileReference; lastKnownFileType = text.plist.xml; path = Info.plist; sourceTree = "<group>"; };
		60511F5C25D4C6DB00D8894A /* MoviesViewController.swift */ = {isa = PBXFileReference; lastKnownFileType = sourcecode.swift; path = MoviesViewController.swift; sourceTree = "<group>"; };
		60511F6125D4CAAD00D8894A /* MovieCell.swift */ = {isa = PBXFileReference; lastKnownFileType = sourcecode.swift; path = MovieCell.swift; sourceTree = "<group>"; };
		618B22E65F0D0BFDE3DCDF1D /* Pods-FlixTests.debug.xcconfig */ = {isa = PBXFileReference; includeInIndex = 1; lastKnownFileType = text.xcconfig; name = "Pods-FlixTests.debug.xcconfig"; path = "Target Support Files/Pods-FlixTests/Pods-FlixTests.debug.xcconfig"; sourceTree = "<group>"; };
		7197F31CDABBA698337EF1D8 /* Pods-Flix-FlixUITests.debug.xcconfig */ = {isa = PBXFileReference; includeInIndex = 1; lastKnownFileType = text.xcconfig; name = "Pods-Flix-FlixUITests.debug.xcconfig"; path = "Target Support Files/Pods-Flix-FlixUITests/Pods-Flix-FlixUITests.debug.xcconfig"; sourceTree = "<group>"; };
		7323A0444EC673F79DE50956 /* Pods-Flix-FlixUITests.release.xcconfig */ = {isa = PBXFileReference; includeInIndex = 1; lastKnownFileType = text.xcconfig; name = "Pods-Flix-FlixUITests.release.xcconfig"; path = "Target Support Files/Pods-Flix-FlixUITests/Pods-Flix-FlixUITests.release.xcconfig"; sourceTree = "<group>"; };
		7E9D4ABC8BF65BDCCF4DFB20 /* Pods_Flix.framework */ = {isa = PBXFileReference; explicitFileType = wrapper.framework; includeInIndex = 0; path = Pods_Flix.framework; sourceTree = BUILT_PRODUCTS_DIR; };
		A866EE15D27352AB390C870F /* Pods-FlixTests.release.xcconfig */ = {isa = PBXFileReference; includeInIndex = 1; lastKnownFileType = text.xcconfig; name = "Pods-FlixTests.release.xcconfig"; path = "Target Support Files/Pods-FlixTests/Pods-FlixTests.release.xcconfig"; sourceTree = "<group>"; };
		D5CF4F1A098597B5C2CD8406 /* Pods-Flix.release.xcconfig */ = {isa = PBXFileReference; includeInIndex = 1; lastKnownFileType = text.xcconfig; name = "Pods-Flix.release.xcconfig"; path = "Target Support Files/Pods-Flix/Pods-Flix.release.xcconfig"; sourceTree = "<group>"; };
/* End PBXFileReference section */

/* Begin PBXFrameworksBuildPhase section */
		60511F2025D4C5EA00D8894A /* Frameworks */ = {
			isa = PBXFrameworksBuildPhase;
			buildActionMask = 2147483647;
			files = (
				0D7BAEC699E48DE6EF30BA14 /* Pods_Flix.framework in Frameworks */,
			);
			runOnlyForDeploymentPostprocessing = 0;
		};
		60511F3625D4C5ED00D8894A /* Frameworks */ = {
			isa = PBXFrameworksBuildPhase;
			buildActionMask = 2147483647;
			files = (
				BB785B85D7BB0D17888A4F27 /* Pods_FlixTests.framework in Frameworks */,
			);
			runOnlyForDeploymentPostprocessing = 0;
		};
		60511F4125D4C5ED00D8894A /* Frameworks */ = {
			isa = PBXFrameworksBuildPhase;
			buildActionMask = 2147483647;
			files = (
				94BB00F65435415F9E69D2B9 /* Pods_Flix_FlixUITests.framework in Frameworks */,
			);
			runOnlyForDeploymentPostprocessing = 0;
		};
/* End PBXFrameworksBuildPhase section */

/* Begin PBXGroup section */
		53E352488B1D84896CAD74A7 /* Pods */ = {
			isa = PBXGroup;
			children = (
				2004A1779E878E429A971638 /* Pods-Flix.debug.xcconfig */,
				D5CF4F1A098597B5C2CD8406 /* Pods-Flix.release.xcconfig */,
				7197F31CDABBA698337EF1D8 /* Pods-Flix-FlixUITests.debug.xcconfig */,
				7323A0444EC673F79DE50956 /* Pods-Flix-FlixUITests.release.xcconfig */,
				618B22E65F0D0BFDE3DCDF1D /* Pods-FlixTests.debug.xcconfig */,
				A866EE15D27352AB390C870F /* Pods-FlixTests.release.xcconfig */,
			);
			name = Pods;
			path = Pods;
			sourceTree = "<group>";
		};
		60511F1A25D4C5EA00D8894A = {
			isa = PBXGroup;
			children = (
				60511F2525D4C5EA00D8894A /* Flix */,
				60511F3C25D4C5ED00D8894A /* FlixTests */,
				60511F4725D4C5ED00D8894A /* FlixUITests */,
				60511F2425D4C5EA00D8894A /* Products */,
				53E352488B1D84896CAD74A7 /* Pods */,
				9A69734CD73523C0F592E390 /* Frameworks */,
			);
			sourceTree = "<group>";
		};
		60511F2425D4C5EA00D8894A /* Products */ = {
			isa = PBXGroup;
			children = (
				60511F2325D4C5EA00D8894A /* Flix.app */,
				60511F3925D4C5ED00D8894A /* FlixTests.xctest */,
				60511F4425D4C5ED00D8894A /* FlixUITests.xctest */,
			);
			name = Products;
			sourceTree = "<group>";
		};
		60511F2525D4C5EA00D8894A /* Flix */ = {
			isa = PBXGroup;
			children = (
				60511F2625D4C5EA00D8894A /* AppDelegate.swift */,
				60511F2825D4C5EA00D8894A /* SceneDelegate.swift */,
				60511F2C25D4C5EA00D8894A /* Main.storyboard */,
				60511F2F25D4C5ED00D8894A /* Assets.xcassets */,
				60511F3125D4C5ED00D8894A /* LaunchScreen.storyboard */,
				60511F3425D4C5ED00D8894A /* Info.plist */,
				60511F5C25D4C6DB00D8894A /* MoviesViewController.swift */,
				60511F6125D4CAAD00D8894A /* MovieCell.swift */,
			);
			path = Flix;
			sourceTree = "<group>";
		};
		60511F3C25D4C5ED00D8894A /* FlixTests */ = {
			isa = PBXGroup;
			children = (
				60511F3D25D4C5ED00D8894A /* FlixTests.swift */,
				60511F3F25D4C5ED00D8894A /* Info.plist */,
			);
			path = FlixTests;
			sourceTree = "<group>";
		};
		60511F4725D4C5ED00D8894A /* FlixUITests */ = {
			isa = PBXGroup;
			children = (
				60511F4825D4C5ED00D8894A /* FlixUITests.swift */,
				60511F4A25D4C5ED00D8894A /* Info.plist */,
			);
			path = FlixUITests;
			sourceTree = "<group>";
		};
		9A69734CD73523C0F592E390 /* Frameworks */ = {
			isa = PBXGroup;
			children = (
				7E9D4ABC8BF65BDCCF4DFB20 /* Pods_Flix.framework */,
				063F9D5235CC0A10232C18A4 /* Pods_Flix_FlixUITests.framework */,
				2FF2F033F84C5E0AE85CFD8E /* Pods_FlixTests.framework */,
			);
			name = Frameworks;
			sourceTree = "<group>";
		};
/* End PBXGroup section */

/* Begin PBXNativeTarget section */
		60511F2225D4C5EA00D8894A /* Flix */ = {
			isa = PBXNativeTarget;
			buildConfigurationList = 60511F4D25D4C5ED00D8894A /* Build configuration list for PBXNativeTarget "Flix" */;
			buildPhases = (
				F6A34C80C4F2DEE345BD62B6 /* [CP] Check Pods Manifest.lock */,
				60511F1F25D4C5EA00D8894A /* Sources */,
				60511F2025D4C5EA00D8894A /* Frameworks */,
				60511F2125D4C5EA00D8894A /* Resources */,
				EEF169388840AF40EC76909E /* [CP] Embed Pods Frameworks */,
			);
			buildRules = (
			);
			dependencies = (
			);
			name = Flix;
			productName = Flix;
			productReference = 60511F2325D4C5EA00D8894A /* Flix.app */;
			productType = "com.apple.product-type.application";
		};
		60511F3825D4C5ED00D8894A /* FlixTests */ = {
			isa = PBXNativeTarget;
			buildConfigurationList = 60511F5025D4C5ED00D8894A /* Build configuration list for PBXNativeTarget "FlixTests" */;
			buildPhases = (
				E1480AF47D1059D88A028955 /* [CP] Check Pods Manifest.lock */,
				60511F3525D4C5ED00D8894A /* Sources */,
				60511F3625D4C5ED00D8894A /* Frameworks */,
				60511F3725D4C5ED00D8894A /* Resources */,
			);
			buildRules = (
			);
			dependencies = (
				60511F3B25D4C5ED00D8894A /* PBXTargetDependency */,
			);
			name = FlixTests;
			productName = FlixTests;
			productReference = 60511F3925D4C5ED00D8894A /* FlixTests.xctest */;
			productType = "com.apple.product-type.bundle.unit-test";
		};
		60511F4325D4C5ED00D8894A /* FlixUITests */ = {
			isa = PBXNativeTarget;
			buildConfigurationList = 60511F5325D4C5ED00D8894A /* Build configuration list for PBXNativeTarget "FlixUITests" */;
			buildPhases = (
				E1FAB0BA1599A2676F66CED9 /* [CP] Check Pods Manifest.lock */,
				60511F4025D4C5ED00D8894A /* Sources */,
				60511F4125D4C5ED00D8894A /* Frameworks */,
				60511F4225D4C5ED00D8894A /* Resources */,
				3E8F13D842CB67E86C9207FB /* [CP] Embed Pods Frameworks */,
			);
			buildRules = (
			);
			dependencies = (
				60511F4625D4C5ED00D8894A /* PBXTargetDependency */,
			);
			name = FlixUITests;
			productName = FlixUITests;
			productReference = 60511F4425D4C5ED00D8894A /* FlixUITests.xctest */;
			productType = "com.apple.product-type.bundle.ui-testing";
		};
/* End PBXNativeTarget section */

/* Begin PBXProject section */
		60511F1B25D4C5EA00D8894A /* Project object */ = {
			isa = PBXProject;
			attributes = {
				LastSwiftUpdateCheck = 1240;
				LastUpgradeCheck = 1240;
				TargetAttributes = {
					60511F2225D4C5EA00D8894A = {
						CreatedOnToolsVersion = 12.4;
					};
					60511F3825D4C5ED00D8894A = {
						CreatedOnToolsVersion = 12.4;
						TestTargetID = 60511F2225D4C5EA00D8894A;
					};
					60511F4325D4C5ED00D8894A = {
						CreatedOnToolsVersion = 12.4;
						TestTargetID = 60511F2225D4C5EA00D8894A;
					};
				};
			};
			buildConfigurationList = 60511F1E25D4C5EA00D8894A /* Build configuration list for PBXProject "Flix" */;
			compatibilityVersion = "Xcode 9.3";
			developmentRegion = en;
			hasScannedForEncodings = 0;
			knownRegions = (
				en,
				Base,
			);
			mainGroup = 60511F1A25D4C5EA00D8894A;
			productRefGroup = 60511F2425D4C5EA00D8894A /* Products */;
			projectDirPath = "";
			projectRoot = "";
			targets = (
				60511F2225D4C5EA00D8894A /* Flix */,
				60511F3825D4C5ED00D8894A /* FlixTests */,
				60511F4325D4C5ED00D8894A /* FlixUITests */,
			);
		};
/* End PBXProject section */

/* Begin PBXResourcesBuildPhase section */
		60511F2125D4C5EA00D8894A /* Resources */ = {
			isa = PBXResourcesBuildPhase;
			buildActionMask = 2147483647;
			files = (
				60511F3325D4C5ED00D8894A /* LaunchScreen.storyboard in Resources */,
				60511F3025D4C5ED00D8894A /* Assets.xcassets in Resources */,
				60511F2E25D4C5EA00D8894A /* Main.storyboard in Resources */,
			);
			runOnlyForDeploymentPostprocessing = 0;
		};
		60511F3725D4C5ED00D8894A /* Resources */ = {
			isa = PBXResourcesBuildPhase;
			buildActionMask = 2147483647;
			files = (
			);
			runOnlyForDeploymentPostprocessing = 0;
		};
		60511F4225D4C5ED00D8894A /* Resources */ = {
			isa = PBXResourcesBuildPhase;
			buildActionMask = 2147483647;
			files = (
			);
			runOnlyForDeploymentPostprocessing = 0;
		};
/* End PBXResourcesBuildPhase section */

/* Begin PBXShellScriptBuildPhase section */
		3E8F13D842CB67E86C9207FB /* [CP] Embed Pods Frameworks */ = {
			isa = PBXShellScriptBuildPhase;
			buildActionMask = 2147483647;
			files = (
			);
			inputFileListPaths = (
				"${PODS_ROOT}/Target Support Files/Pods-Flix-FlixUITests/Pods-Flix-FlixUITests-frameworks-${CONFIGURATION}-input-files.xcfilelist",
			);
			name = "[CP] Embed Pods Frameworks";
			outputFileListPaths = (
				"${PODS_ROOT}/Target Support Files/Pods-Flix-FlixUITests/Pods-Flix-FlixUITests-frameworks-${CONFIGURATION}-output-files.xcfilelist",
			);
			runOnlyForDeploymentPostprocessing = 0;
			shellPath = /bin/sh;
			shellScript = "\"${PODS_ROOT}/Target Support Files/Pods-Flix-FlixUITests/Pods-Flix-FlixUITests-frameworks.sh\"\n";
			showEnvVarsInLog = 0;
		};
		E1480AF47D1059D88A028955 /* [CP] Check Pods Manifest.lock */ = {
			isa = PBXShellScriptBuildPhase;
			buildActionMask = 2147483647;
			files = (
			);
			inputFileListPaths = (
			);
			inputPaths = (
				"${PODS_PODFILE_DIR_PATH}/Podfile.lock",
				"${PODS_ROOT}/Manifest.lock",
			);
			name = "[CP] Check Pods Manifest.lock";
			outputFileListPaths = (
			);
			outputPaths = (
				"$(DERIVED_FILE_DIR)/Pods-FlixTests-checkManifestLockResult.txt",
			);
			runOnlyForDeploymentPostprocessing = 0;
			shellPath = /bin/sh;
			shellScript = "diff \"${PODS_PODFILE_DIR_PATH}/Podfile.lock\" \"${PODS_ROOT}/Manifest.lock\" > /dev/null\nif [ $? != 0 ] ; then\n    # print error to STDERR\n    echo \"error: The sandbox is not in sync with the Podfile.lock. Run 'pod install' or update your CocoaPods installation.\" >&2\n    exit 1\nfi\n# This output is used by Xcode 'outputs' to avoid re-running this script phase.\necho \"SUCCESS\" > \"${SCRIPT_OUTPUT_FILE_0}\"\n";
			showEnvVarsInLog = 0;
		};
		E1FAB0BA1599A2676F66CED9 /* [CP] Check Pods Manifest.lock */ = {
			isa = PBXShellScriptBuildPhase;
			buildActionMask = 2147483647;
			files = (
			);
			inputFileListPaths = (
			);
			inputPaths = (
				"${PODS_PODFILE_DIR_PATH}/Podfile.lock",
				"${PODS_ROOT}/Manifest.lock",
			);
			name = "[CP] Check Pods Manifest.lock";
			outputFileListPaths = (
			);
			outputPaths = (
				"$(DERIVED_FILE_DIR)/Pods-Flix-FlixUITests-checkManifestLockResult.txt",
			);
			runOnlyForDeploymentPostprocessing = 0;
			shellPath = /bin/sh;
			shellScript = "diff \"${PODS_PODFILE_DIR_PATH}/Podfile.lock\" \"${PODS_ROOT}/Manifest.lock\" > /dev/null\nif [ $? != 0 ] ; then\n    # print error to STDERR\n    echo \"error: The sandbox is not in sync with the Podfile.lock. Run 'pod install' or update your CocoaPods installation.\" >&2\n    exit 1\nfi\n# This output is used by Xcode 'outputs' to avoid re-running this script phase.\necho \"SUCCESS\" > \"${SCRIPT_OUTPUT_FILE_0}\"\n";
			showEnvVarsInLog = 0;
		};
		EEF169388840AF40EC76909E /* [CP] Embed Pods Frameworks */ = {
			isa = PBXShellScriptBuildPhase;
			buildActionMask = 2147483647;
			files = (
			);
			inputFileListPaths = (
				"${PODS_ROOT}/Target Support Files/Pods-Flix/Pods-Flix-frameworks-${CONFIGURATION}-input-files.xcfilelist",
			);
			name = "[CP] Embed Pods Frameworks";
			outputFileListPaths = (
				"${PODS_ROOT}/Target Support Files/Pods-Flix/Pods-Flix-frameworks-${CONFIGURATION}-output-files.xcfilelist",
			);
			runOnlyForDeploymentPostprocessing = 0;
			shellPath = /bin/sh;
			shellScript = "\"${PODS_ROOT}/Target Support Files/Pods-Flix/Pods-Flix-frameworks.sh\"\n";
			showEnvVarsInLog = 0;
		};
		F6A34C80C4F2DEE345BD62B6 /* [CP] Check Pods Manifest.lock */ = {
			isa = PBXShellScriptBuildPhase;
			buildActionMask = 2147483647;
			files = (
			);
			inputFileListPaths = (
			);
			inputPaths = (
				"${PODS_PODFILE_DIR_PATH}/Podfile.lock",
				"${PODS_ROOT}/Manifest.lock",
			);
			name = "[CP] Check Pods Manifest.lock";
			outputFileListPaths = (
			);
			outputPaths = (
				"$(DERIVED_FILE_DIR)/Pods-Flix-checkManifestLockResult.txt",
			);
			runOnlyForDeploymentPostprocessing = 0;
			shellPath = /bin/sh;
			shellScript = "diff \"${PODS_PODFILE_DIR_PATH}/Podfile.lock\" \"${PODS_ROOT}/Manifest.lock\" > /dev/null\nif [ $? != 0 ] ; then\n    # print error to STDERR\n    echo \"error: The sandbox is not in sync with the Podfile.lock. Run 'pod install' or update your CocoaPods installation.\" >&2\n    exit 1\nfi\n# This output is used by Xcode 'outputs' to avoid re-running this script phase.\necho \"SUCCESS\" > \"${SCRIPT_OUTPUT_FILE_0}\"\n";
			showEnvVarsInLog = 0;
		};
/* End PBXShellScriptBuildPhase section */

/* Begin PBXSourcesBuildPhase section */
		60511F1F25D4C5EA00D8894A /* Sources */ = {
			isa = PBXSourcesBuildPhase;
			buildActionMask = 2147483647;
			files = (
				60511F2725D4C5EA00D8894A /* AppDelegate.swift in Sources */,
				60511F2925D4C5EA00D8894A /* SceneDelegate.swift in Sources */,
				60511F6225D4CAAD00D8894A /* MovieCell.swift in Sources */,
				60511F5D25D4C6DB00D8894A /* MoviesViewController.swift in Sources */,
			);
			runOnlyForDeploymentPostprocessing = 0;
		};
		60511F3525D4C5ED00D8894A /* Sources */ = {
			isa = PBXSourcesBuildPhase;
			buildActionMask = 2147483647;
			files = (
				60511F3E25D4C5ED00D8894A /* FlixTests.swift in Sources */,
			);
			runOnlyForDeploymentPostprocessing = 0;
		};
		60511F4025D4C5ED00D8894A /* Sources */ = {
			isa = PBXSourcesBuildPhase;
			buildActionMask = 2147483647;
			files = (
				60511F4925D4C5ED00D8894A /* FlixUITests.swift in Sources */,
			);
			runOnlyForDeploymentPostprocessing = 0;
		};
/* End PBXSourcesBuildPhase section */

/* Begin PBXTargetDependency section */
		60511F3B25D4C5ED00D8894A /* PBXTargetDependency */ = {
			isa = PBXTargetDependency;
			target = 60511F2225D4C5EA00D8894A /* Flix */;
			targetProxy = 60511F3A25D4C5ED00D8894A /* PBXContainerItemProxy */;
		};
		60511F4625D4C5ED00D8894A /* PBXTargetDependency */ = {
			isa = PBXTargetDependency;
			target = 60511F2225D4C5EA00D8894A /* Flix */;
			targetProxy = 60511F4525D4C5ED00D8894A /* PBXContainerItemProxy */;
		};
/* End PBXTargetDependency section */

/* Begin PBXVariantGroup section */
		60511F2C25D4C5EA00D8894A /* Main.storyboard */ = {
			isa = PBXVariantGroup;
			children = (
				60511F2D25D4C5EA00D8894A /* Base */,
			);
			name = Main.storyboard;
			sourceTree = "<group>";
		};
		60511F3125D4C5ED00D8894A /* LaunchScreen.storyboard */ = {
			isa = PBXVariantGroup;
			children = (
				60511F3225D4C5ED00D8894A /* Base */,
			);
			name = LaunchScreen.storyboard;
			sourceTree = "<group>";
		};
/* End PBXVariantGroup section */

/* Begin XCBuildConfiguration section */
		60511F4B25D4C5ED00D8894A /* Debug */ = {
			isa = XCBuildConfiguration;
			buildSettings = {
				ALWAYS_SEARCH_USER_PATHS = NO;
				CLANG_ANALYZER_NONNULL = YES;
				CLANG_ANALYZER_NUMBER_OBJECT_CONVERSION = YES_AGGRESSIVE;
				CLANG_CXX_LANGUAGE_STANDARD = "gnu++14";
				CLANG_CXX_LIBRARY = "libc++";
				CLANG_ENABLE_MODULES = YES;
				CLANG_ENABLE_OBJC_ARC = YES;
				CLANG_ENABLE_OBJC_WEAK = YES;
				CLANG_WARN_BLOCK_CAPTURE_AUTORELEASING = YES;
				CLANG_WARN_BOOL_CONVERSION = YES;
				CLANG_WARN_COMMA = YES;
				CLANG_WARN_CONSTANT_CONVERSION = YES;
				CLANG_WARN_DEPRECATED_OBJC_IMPLEMENTATIONS = YES;
				CLANG_WARN_DIRECT_OBJC_ISA_USAGE = YES_ERROR;
				CLANG_WARN_DOCUMENTATION_COMMENTS = YES;
				CLANG_WARN_EMPTY_BODY = YES;
				CLANG_WARN_ENUM_CONVERSION = YES;
				CLANG_WARN_INFINITE_RECURSION = YES;
				CLANG_WARN_INT_CONVERSION = YES;
				CLANG_WARN_NON_LITERAL_NULL_CONVERSION = YES;
				CLANG_WARN_OBJC_IMPLICIT_RETAIN_SELF = YES;
				CLANG_WARN_OBJC_LITERAL_CONVERSION = YES;
				CLANG_WARN_OBJC_ROOT_CLASS = YES_ERROR;
				CLANG_WARN_QUOTED_INCLUDE_IN_FRAMEWORK_HEADER = YES;
				CLANG_WARN_RANGE_LOOP_ANALYSIS = YES;
				CLANG_WARN_STRICT_PROTOTYPES = YES;
				CLANG_WARN_SUSPICIOUS_MOVE = YES;
				CLANG_WARN_UNGUARDED_AVAILABILITY = YES_AGGRESSIVE;
				CLANG_WARN_UNREACHABLE_CODE = YES;
				CLANG_WARN__DUPLICATE_METHOD_MATCH = YES;
				COPY_PHASE_STRIP = NO;
				DEBUG_INFORMATION_FORMAT = dwarf;
				ENABLE_STRICT_OBJC_MSGSEND = YES;
				ENABLE_TESTABILITY = YES;
				GCC_C_LANGUAGE_STANDARD = gnu11;
				GCC_DYNAMIC_NO_PIC = NO;
				GCC_NO_COMMON_BLOCKS = YES;
				GCC_OPTIMIZATION_LEVEL = 0;
				GCC_PREPROCESSOR_DEFINITIONS = (
					"DEBUG=1",
					"$(inherited)",
				);
				GCC_WARN_64_TO_32_BIT_CONVERSION = YES;
				GCC_WARN_ABOUT_RETURN_TYPE = YES_ERROR;
				GCC_WARN_UNDECLARED_SELECTOR = YES;
				GCC_WARN_UNINITIALIZED_AUTOS = YES_AGGRESSIVE;
				GCC_WARN_UNUSED_FUNCTION = YES;
				GCC_WARN_UNUSED_VARIABLE = YES;
				IPHONEOS_DEPLOYMENT_TARGET = 14.4;
				MTL_ENABLE_DEBUG_INFO = INCLUDE_SOURCE;
				MTL_FAST_MATH = YES;
				ONLY_ACTIVE_ARCH = YES;
				SDKROOT = iphoneos;
				SWIFT_ACTIVE_COMPILATION_CONDITIONS = DEBUG;
				SWIFT_OPTIMIZATION_LEVEL = "-Onone";
			};
			name = Debug;
		};
		60511F4C25D4C5ED00D8894A /* Release */ = {
			isa = XCBuildConfiguration;
			buildSettings = {
				ALWAYS_SEARCH_USER_PATHS = NO;
				CLANG_ANALYZER_NONNULL = YES;
				CLANG_ANALYZER_NUMBER_OBJECT_CONVERSION = YES_AGGRESSIVE;
				CLANG_CXX_LANGUAGE_STANDARD = "gnu++14";
				CLANG_CXX_LIBRARY = "libc++";
				CLANG_ENABLE_MODULES = YES;
				CLANG_ENABLE_OBJC_ARC = YES;
				CLANG_ENABLE_OBJC_WEAK = YES;
				CLANG_WARN_BLOCK_CAPTURE_AUTORELEASING = YES;
				CLANG_WARN_BOOL_CONVERSION = YES;
				CLANG_WARN_COMMA = YES;
				CLANG_WARN_CONSTANT_CONVERSION = YES;
				CLANG_WARN_DEPRECATED_OBJC_IMPLEMENTATIONS = YES;
				CLANG_WARN_DIRECT_OBJC_ISA_USAGE = YES_ERROR;
				CLANG_WARN_DOCUMENTATION_COMMENTS = YES;
				CLANG_WARN_EMPTY_BODY = YES;
				CLANG_WARN_ENUM_CONVERSION = YES;
				CLANG_WARN_INFINITE_RECURSION = YES;
				CLANG_WARN_INT_CONVERSION = YES;
				CLANG_WARN_NON_LITERAL_NULL_CONVERSION = YES;
				CLANG_WARN_OBJC_IMPLICIT_RETAIN_SELF = YES;
				CLANG_WARN_OBJC_LITERAL_CONVERSION = YES;
				CLANG_WARN_OBJC_ROOT_CLASS = YES_ERROR;
				CLANG_WARN_QUOTED_INCLUDE_IN_FRAMEWORK_HEADER = YES;
				CLANG_WARN_RANGE_LOOP_ANALYSIS = YES;
				CLANG_WARN_STRICT_PROTOTYPES = YES;
				CLANG_WARN_SUSPICIOUS_MOVE = YES;
				CLANG_WARN_UNGUARDED_AVAILABILITY = YES_AGGRESSIVE;
				CLANG_WARN_UNREACHABLE_CODE = YES;
				CLANG_WARN__DUPLICATE_METHOD_MATCH = YES;
				COPY_PHASE_STRIP = NO;
				DEBUG_INFORMATION_FORMAT = "dwarf-with-dsym";
				ENABLE_NS_ASSERTIONS = NO;
				ENABLE_STRICT_OBJC_MSGSEND = YES;
				GCC_C_LANGUAGE_STANDARD = gnu11;
				GCC_NO_COMMON_BLOCKS = YES;
				GCC_WARN_64_TO_32_BIT_CONVERSION = YES;
				GCC_WARN_ABOUT_RETURN_TYPE = YES_ERROR;
				GCC_WARN_UNDECLARED_SELECTOR = YES;
				GCC_WARN_UNINITIALIZED_AUTOS = YES_AGGRESSIVE;
				GCC_WARN_UNUSED_FUNCTION = YES;
				GCC_WARN_UNUSED_VARIABLE = YES;
				IPHONEOS_DEPLOYMENT_TARGET = 14.4;
				MTL_ENABLE_DEBUG_INFO = NO;
				MTL_FAST_MATH = YES;
				SDKROOT = iphoneos;
				SWIFT_COMPILATION_MODE = wholemodule;
				SWIFT_OPTIMIZATION_LEVEL = "-O";
				VALIDATE_PRODUCT = YES;
			};
			name = Release;
		};
		60511F4E25D4C5ED00D8894A /* Debug */ = {
			isa = XCBuildConfiguration;
			baseConfigurationReference = 2004A1779E878E429A971638 /* Pods-Flix.debug.xcconfig */;
			buildSettings = {
				ASSETCATALOG_COMPILER_APPICON_NAME = AppIcon;
				ASSETCATALOG_COMPILER_GLOBAL_ACCENT_COLOR_NAME = AccentColor;
				CODE_SIGN_STYLE = Automatic;
				INFOPLIST_FILE = Flix/Info.plist;
				LD_RUNPATH_SEARCH_PATHS = (
					"$(inherited)",
					"@executable_path/Frameworks",
				);
				PRODUCT_BUNDLE_IDENTIFIER = "Gerardo-Aldana.Flix";
				PRODUCT_NAME = "$(TARGET_NAME)";
				SWIFT_VERSION = 5.0;
				TARGETED_DEVICE_FAMILY = "1,2";
			};
			name = Debug;
		};
		60511F4F25D4C5ED00D8894A /* Release */ = {
			isa = XCBuildConfiguration;
			baseConfigurationReference = D5CF4F1A098597B5C2CD8406 /* Pods-Flix.release.xcconfig */;
			buildSettings = {
				ASSETCATALOG_COMPILER_APPICON_NAME = AppIcon;
				ASSETCATALOG_COMPILER_GLOBAL_ACCENT_COLOR_NAME = AccentColor;
				CODE_SIGN_STYLE = Automatic;
				INFOPLIST_FILE = Flix/Info.plist;
				LD_RUNPATH_SEARCH_PATHS = (
					"$(inherited)",
					"@executable_path/Frameworks",
				);
				PRODUCT_BUNDLE_IDENTIFIER = "Gerardo-Aldana.Flix";
				PRODUCT_NAME = "$(TARGET_NAME)";
				SWIFT_VERSION = 5.0;
				TARGETED_DEVICE_FAMILY = "1,2";
			};
			name = Release;
		};
		60511F5125D4C5ED00D8894A /* Debug */ = {
			isa = XCBuildConfiguration;
			baseConfigurationReference = 618B22E65F0D0BFDE3DCDF1D /* Pods-FlixTests.debug.xcconfig */;
			buildSettings = {
				ALWAYS_EMBED_SWIFT_STANDARD_LIBRARIES = YES;
				BUNDLE_LOADER = "$(TEST_HOST)";
				CODE_SIGN_STYLE = Automatic;
				INFOPLIST_FILE = FlixTests/Info.plist;
				IPHONEOS_DEPLOYMENT_TARGET = 14.4;
				LD_RUNPATH_SEARCH_PATHS = (
					"$(inherited)",
					"@executable_path/Frameworks",
					"@loader_path/Frameworks",
				);
				PRODUCT_BUNDLE_IDENTIFIER = "Gerardo-Aldana.FlixTests";
				PRODUCT_NAME = "$(TARGET_NAME)";
				SWIFT_VERSION = 5.0;
				TARGETED_DEVICE_FAMILY = "1,2";
				TEST_HOST = "$(BUILT_PRODUCTS_DIR)/Flix.app/Flix";
			};
			name = Debug;
		};
		60511F5225D4C5ED00D8894A /* Release */ = {
			isa = XCBuildConfiguration;
			baseConfigurationReference = A866EE15D27352AB390C870F /* Pods-FlixTests.release.xcconfig */;
			buildSettings = {
				ALWAYS_EMBED_SWIFT_STANDARD_LIBRARIES = YES;
				BUNDLE_LOADER = "$(TEST_HOST)";
				CODE_SIGN_STYLE = Automatic;
				INFOPLIST_FILE = FlixTests/Info.plist;
				IPHONEOS_DEPLOYMENT_TARGET = 14.4;
				LD_RUNPATH_SEARCH_PATHS = (
					"$(inherited)",
					"@executable_path/Frameworks",
					"@loader_path/Frameworks",
				);
				PRODUCT_BUNDLE_IDENTIFIER = "Gerardo-Aldana.FlixTests";
				PRODUCT_NAME = "$(TARGET_NAME)";
				SWIFT_VERSION = 5.0;
				TARGETED_DEVICE_FAMILY = "1,2";
				TEST_HOST = "$(BUILT_PRODUCTS_DIR)/Flix.app/Flix";
			};
			name = Release;
		};
		60511F5425D4C5ED00D8894A /* Debug */ = {
			isa = XCBuildConfiguration;
			baseConfigurationReference = 7197F31CDABBA698337EF1D8 /* Pods-Flix-FlixUITests.debug.xcconfig */;
			buildSettings = {
				ALWAYS_EMBED_SWIFT_STANDARD_LIBRARIES = YES;
				CODE_SIGN_STYLE = Automatic;
				INFOPLIST_FILE = FlixUITests/Info.plist;
				LD_RUNPATH_SEARCH_PATHS = (
					"$(inherited)",
					"@executable_path/Frameworks",
					"@loader_path/Frameworks",
				);
				PRODUCT_BUNDLE_IDENTIFIER = "Gerardo-Aldana.FlixUITests";
				PRODUCT_NAME = "$(TARGET_NAME)";
				SWIFT_VERSION = 5.0;
				TARGETED_DEVICE_FAMILY = "1,2";
				TEST_TARGET_NAME = Flix;
			};
			name = Debug;
		};
		60511F5525D4C5ED00D8894A /* Release */ = {
			isa = XCBuildConfiguration;
			baseConfigurationReference = 7323A0444EC673F79DE50956 /* Pods-Flix-FlixUITests.release.xcconfig */;
			buildSettings = {
				ALWAYS_EMBED_SWIFT_STANDARD_LIBRARIES = YES;
				CODE_SIGN_STYLE = Automatic;
				INFOPLIST_FILE = FlixUITests/Info.plist;
				LD_RUNPATH_SEARCH_PATHS = (
					"$(inherited)",
					"@executable_path/Frameworks",
					"@loader_path/Frameworks",
				);
				PRODUCT_BUNDLE_IDENTIFIER = "Gerardo-Aldana.FlixUITests";
				PRODUCT_NAME = "$(TARGET_NAME)";
				SWIFT_VERSION = 5.0;
				TARGETED_DEVICE_FAMILY = "1,2";
				TEST_TARGET_NAME = Flix;
			};
			name = Release;
		};
/* End XCBuildConfiguration section */

/* Begin XCConfigurationList section */
		60511F1E25D4C5EA00D8894A /* Build configuration list for PBXProject "Flix" */ = {
			isa = XCConfigurationList;
			buildConfigurations = (
				60511F4B25D4C5ED00D8894A /* Debug */,
				60511F4C25D4C5ED00D8894A /* Release */,
			);
			defaultConfigurationIsVisible = 0;
			defaultConfigurationName = Release;
		};
		60511F4D25D4C5ED00D8894A /* Build configuration list for PBXNativeTarget "Flix" */ = {
			isa = XCConfigurationList;
			buildConfigurations = (
				60511F4E25D4C5ED00D8894A /* Debug */,
				60511F4F25D4C5ED00D8894A /* Release */,
			);
			defaultConfigurationIsVisible = 0;
			defaultConfigurationName = Release;
		};
		60511F5025D4C5ED00D8894A /* Build configuration list for PBXNativeTarget "FlixTests" */ = {
			isa = XCConfigurationList;
			buildConfigurations = (
				60511F5125D4C5ED00D8894A /* Debug */,
				60511F5225D4C5ED00D8894A /* Release */,
			);
			defaultConfigurationIsVisible = 0;
			defaultConfigurationName = Release;
		};
		60511F5325D4C5ED00D8894A /* Build configuration list for PBXNativeTarget "FlixUITests" */ = {
			isa = XCConfigurationList;
			buildConfigurations = (
				60511F5425D4C5ED00D8894A /* Debug */,
				60511F5525D4C5ED00D8894A /* Release */,
			);
			defaultConfigurationIsVisible = 0;
			defaultConfigurationName = Release;
		};
/* End XCConfigurationList section */
	};
	rootObject = 60511F1B25D4C5EA00D8894A /* Project object */;
}
